<?xml version="1.0" encoding="utf-8"?>
<Project ToolsVersion="4.0" xmlns="http://schemas.microsoft.com/developer/msbuild/2003">
  <ItemGroup>
    <Filter Include="Source Files">
      <UniqueIdentifier>{4FC737F1-C7A5-4376-A066-2A32D752A2FF}</UniqueIdentifier>
      <Extensions>cpp;c;cc;cxx;c++;cppm;ixx;def;odl;idl;hpj;bat;asm;asmx</Extensions>
    </Filter>
    <Filter Include="Header Files">
      <UniqueIdentifier>{93995380-89BD-4b04-88EB-625FBE52EBFB}</UniqueIdentifier>
      <Extensions>h;hh;hpp;hxx;h++;hm;inl;inc;ipp;xsd</Extensions>
    </Filter>
    <Filter Include="Resource Files">
      <UniqueIdentifier>{67DA6AB6-F800-4c08-8B7A-83BB121AAD01}</UniqueIdentifier>
      <Extensions>rc;ico;cur;bmp;dlg;rc2;rct;bin;rgs;gif;jpg;jpeg;jpe;resx;tiff;tif;png;wav;mfcribbon-ms</Extensions>
    </Filter>
  </ItemGroup>
  <ItemGroup>
    <ClInclude Include="GuiFramework\System\GUIObject.h">
      <Filter>Header Files</Filter>
    </ClInclude>
    <ClInclude Include="GuiFramework\Globals.h">
      <Filter>Header Files</Filter>
    </ClInclude>
    <ClInclude Include="GuiFramework\System\GUIMsgReceiver.h">
      <Filter>Header Files</Filter>
    </ClInclude>
    <ClInclude Include="GuiFramework\System\TGUISharedString.inl">
      <Filter>Header Files</Filter>
    </ClInclude>
    <ClInclude Include="GuiFramework\System\TGUILiteralString.inl">
      <Filter>Header Files</Filter>
    </ClInclude>
    <ClInclude Include="GuiFramework\Window\GUIWindowBase.h">
      <Filter>Header Files</Filter>
    </ClInclude>
    <ClInclude Include="GuiFramework\Render\GUIRenderContext.h">
      <Filter>Header Files</Filter>
    </ClInclude>
    <ClInclude Include="GuiFramework\System\GUISystem.h">
      <Filter>Header Files</Filter>
    </ClInclude>
    <ClInclude Include="GuiFramework\System\TGUIStringStorage.inl">
      <Filter>Header Files</Filter>
    </ClInclude>
    <ClInclude Include="GuiFramework\System\GUIFont.h">
      <Filter>Header Files</Filter>
    </ClInclude>
    <ClInclude Include="GuiFramework\System\TGUIRect.inl">
      <Filter>Header Files</Filter>
    </ClInclude>
    <ClInclude Include="GuiFramework\System\TGUIPoint.inl">
      <Filter>Header Files</Filter>
    </ClInclude>
    <ClInclude Include="GuiFramework\Signal\GUISignalManager.h">
      <Filter>Header Files</Filter>
    </ClInclude>
    <ClInclude Include="GuiFramework\Signal\GUISignal.h">
      <Filter>Header Files</Filter>
    </ClInclude>
    <ClInclude Include="GuiFramework\System\GUIInvoker.h">
      <Filter>Header Files</Filter>
    </ClInclude>
    <ClInclude Include="GuiFramework\Window\GUIWindowManager.h">
      <Filter>Header Files</Filter>
    </ClInclude>
    <ClInclude Include="GuiFramework\Window\GUIWidget.h">
      <Filter>Header Files</Filter>
    </ClInclude>
    <ClInclude Include="GuiFramework\Window\Layouter\GUILayoutItem.h">
      <Filter>Header Files</Filter>
    </ClInclude>
    <ClInclude Include="GuiFramework\System\TGUIObjectPtr.inl">
      <Filter>Header Files</Filter>
    </ClInclude>
    <ClInclude Include="GuiFramework\Window\Layouter\GUILayoutItem_Window.h">
      <Filter>Header Files</Filter>
    </ClInclude>
    <ClInclude Include="GuiFramework\Window\Layouter\GUILayouter.h">
      <Filter>Header Files</Filter>
    </ClInclude>
    <ClInclude Include="GuiFramework\System\TGUISize.inl">
      <Filter>Header Files</Filter>
    </ClInclude>
    <ClInclude Include="GuiFramework\Signal\GUISignalDecl.h">
      <Filter>Header Files</Filter>
    </ClInclude>
    <ClInclude Include="GuiFramework\Window\Layouter\GUIVertLayouter.h">
      <Filter>Header Files</Filter>
    </ClInclude>
    <ClInclude Include="GuiFramework\Window\Control\GUIAutoVLayout.h">
      <Filter>Header Files</Filter>
    </ClInclude>
    <ClInclude Include="GuiFramework\Window\Control\GUIAutoVLayoutScroll.h">
      <Filter>Header Files</Filter>
    </ClInclude>
    <ClInclude Include="GuiFramework\Window\Control\GUIRootWindow.h">
      <Filter>Header Files</Filter>
    </ClInclude>
    <ClInclude Include="GuiFramework\Window\Tweaker\GUITweakerDialog.h">
      <Filter>Header Files</Filter>
    </ClInclude>
    <ClInclude Include="GuiFramework\GuiFramework.h">
      <Filter>Header Files</Filter>
    </ClInclude>
    <ClInclude Include="GuiFramework\Window\Tweaker\GUITweakerGroup.h">
      <Filter>Header Files</Filter>
    </ClInclude>
    <ClInclude Include="GuiFramework\Window\Tweaker\GUITweakerItem.h">
      <Filter>Header Files</Filter>
    </ClInclude>
    <ClInclude Include="GuiFramework\Window\Tweaker\GUITweakerGroupItem.h">
      <Filter>Header Files</Filter>
    </ClInclude>
    <ClInclude Include="GuiFramework\Window\Control\GUIButtonBase.h">
      <Filter>Header Files</Filter>
    </ClInclude>
    <ClInclude Include="GuiFramework\Window\ControlEx\GUIButton.h">
      <Filter>Header Files</Filter>
    </ClInclude>
    <ClInclude Include="GuiFramework\Window\Util\GUITextEditorUtil.h">
      <Filter>Header Files</Filter>
    </ClInclude>
    <ClInclude Include="GuiFramework\Util\GUITimer.h">
      <Filter>Header Files</Filter>
    </ClInclude>
    <ClInclude Include="GuiFramework\Window\PopupMenu\GUIPopupMenu.h">
      <Filter>Header Files</Filter>
    </ClInclude>
    <ClInclude Include="GuiFramework\Window\PopupMenu\GUIPopupMenuItem.h">
      <Filter>Header Files</Filter>
    </ClInclude>
    <ClInclude Include="GuiFramework\System\GUIMouseEvent.h">
      <Filter>Header Files</Filter>
    </ClInclude>
    <ClInclude Include="GuiFramework\Window\PopupMenu\GUIPopupMenuNode.h">
      <Filter>Header Files</Filter>
    </ClInclude>
    <ClInclude Include="GuiFramework\Window\PopupMenu\GUIPopupMenuSeparator.h">
      <Filter>Header Files</Filter>
    </ClInclude>
    <ClInclude Include="GuiFramework\Window\PopupMenu\GUIPopupMenuString.h">
      <Filter>Header Files</Filter>
    </ClInclude>
    <ClInclude Include="GuiFramework\Window\Control\GUIEditBox.h">
      <Filter>Header Files</Filter>
    </ClInclude>
    <ClInclude Include="GuiFramework\Window\ControlEx\GUINumericEditBox.h">
      <Filter>Header Files</Filter>
    </ClInclude>
    <ClInclude Include="GuiFramework\Window\Control\GUIRangeDataBase.h">
      <Filter>Header Files</Filter>
    </ClInclude>
    <ClInclude Include="GuiFramework\Window\ControlEx\TGUIRangeData.inl">
      <Filter>Header Files</Filter>
    </ClInclude>
    <ClInclude Include="GuiFramework\Window\Control\GUIListBox.h">
      <Filter>Header Files</Filter>
    </ClInclude>
    <ClInclude Include="GuiFramework\Window\Control\GUIListBoxItem.h">
      <Filter>Header Files</Filter>
    </ClInclude>
    <ClInclude Include="GuiFramework\Window\Control\GUIDropDownList.h">
      <Filter>Header Files</Filter>
    </ClInclude>
    <ClInclude Include="GuiFramework\Callback\GUICallbackObjectBase.h">
      <Filter>Header Files</Filter>
    </ClInclude>
    <ClInclude Include="GuiFramework\Window\Control\GUIComboBox.h">
      <Filter>Header Files</Filter>
    </ClInclude>
    <ClInclude Include="GuiFramework\System\TGUIValueStringPair.inl">
      <Filter>Header Files</Filter>
    </ClInclude>
    <ClInclude Include="GuiFramework\Window\Control\GUICheckBox.h">
      <Filter>Header Files</Filter>
    </ClInclude>
    <ClInclude Include="GuiFramework\Window\Control\GUISlider.h">
      <Filter>Header Files</Filter>
    </ClInclude>
    <ClInclude Include="GuiFramework\Window\Control\GUIPropertyLabel.h">
      <Filter>Header Files</Filter>
    </ClInclude>
    <ClInclude Include="GuiFramework\Window\ControlEx\TGUIPropertyLabel.inl">
      <Filter>Header Files</Filter>
    </ClInclude>
    <ClInclude Include="GuiFramework\Window\Control\GUIListViewItem.h">
      <Filter>Header Files</Filter>
    </ClInclude>
    <ClInclude Include="GuiFramework\Window\Control\GUIListView.h">
      <Filter>Header Files</Filter>
    </ClInclude>
    <ClInclude Include="GuiFramework\Window\ControlEx\GUIColorSelector.h">
      <Filter>Header Files</Filter>
    </ClInclude>
    <ClInclude Include="GuiFramework\Window\ControlEx\GUIYawPitchControl.h">
      <Filter>Header Files</Filter>
    </ClInclude>
    <ClInclude Include="GuiFramework\Window\ControlEx\GUITextureViewer.h">
      <Filter>Header Files</Filter>
    </ClInclude>
    <ClInclude Include="GuiFramework\Window\Control\GUITextureBase.h">
      <Filter>Header Files</Filter>
    </ClInclude>
    <ClInclude Include="GuiFramework\Window\ControlEx\GUITexture_DLTexture.h">
      <Filter>Header Files</Filter>
    </ClInclude>
    <ClInclude Include="GuiFramework\Render\GUIRenderImpl.h">
      <Filter>Header Files</Filter>
    </ClInclude>
    <ClInclude Include="GuiFramework\Render\GUIRenderImplBase.h">
      <Filter>Header Files</Filter>
    </ClInclude>
    <ClInclude Include="GuiFramework\Window\ControlEx\GUITextureList.h">
      <Filter>Header Files</Filter>
    </ClInclude>
    <ClInclude Include="GuiFramework\Window\ControlEx\GUIHeapList.h">
      <Filter>Header Files</Filter>
    </ClInclude>
    <ClInclude Include="GuiFramework\Window\ControlEx\GUIHeapListItem.h">
      <Filter>Header Files</Filter>
    </ClInclude>
    <ClInclude Include="GuiFramework\Util\GUIMemorySizeFormatter.h">
      <Filter>Header Files</Filter>
    </ClInclude>
    <ClInclude Include="GuiFramework\System\GUIVirtualInput.h">
      <Filter>Header Files</Filter>
    </ClInclude>
    <ClInclude Include="GuiFramework\Window\Tweaker\GUIColorTweaker.h">
      <Filter>Header Files</Filter>
    </ClInclude>
    <ClInclude Include="GuiFramework\Window\Tweaker\GUITweakerBase.h">
      <Filter>Header Files</Filter>
    </ClInclude>
    <ClInclude Include="GuiFramework\Window\Tweaker\TGUIColorTweaker.inl">
      <Filter>Header Files</Filter>
    </ClInclude>
    <ClInclude Include="GuiFramework\System\TGUIBitFieldProxy.inl">
      <Filter>Header Files</Filter>
    </ClInclude>
    <ClInclude Include="GuiFramework\Window\Tweaker\GUITweakerMaker.h">
      <Filter>Header Files</Filter>
    </ClInclude>
  </ItemGroup>
  <ItemGroup>
    <ClCompile Include="GuiFramework\System\GUIObject.cpp">
      <Filter>Source Files</Filter>
    </ClCompile>
    <ClCompile Include="GuiFramework\System\GUIMsgReceiver.cpp">
      <Filter>Source Files</Filter>
    </ClCompile>
    <ClCompile Include="GuiFramework\Window\GUIWindowBase.cpp">
      <Filter>Source Files</Filter>
    </ClCompile>
    <ClCompile Include="GuiFramework\System\GUIFont.cpp">
      <Filter>Source Files</Filter>
    </ClCompile>
    <ClCompile Include="GuiFramework\System\GUISystem.cpp">
      <Filter>Source Files</Filter>
    </ClCompile>
    <ClCompile Include="GuiFramework\Window\GUIWindowManager.cpp">
      <Filter>Source Files</Filter>
    </ClCompile>
    <ClCompile Include="GuiFramework\Window\GUIWidget.cpp">
      <Filter>Source Files</Filter>
    </ClCompile>
    <ClCompile Include="GuiFramework\Window\Layouter\GUILayoutItem.cpp">
      <Filter>Source Files</Filter>
    </ClCompile>
    <ClCompile Include="GuiFramework\Window\Layouter\GUILayoutItem_Window.cpp">
      <Filter>Source Files</Filter>
    </ClCompile>
    <ClCompile Include="GuiFramework\Window\Layouter\GUILayouter.cpp">
      <Filter>Source Files</Filter>
    </ClCompile>
    <ClCompile Include="GuiFramework\Window\Layouter\GUIVertLayouter.cpp">
      <Filter>Source Files</Filter>
    </ClCompile>
    <ClCompile Include="GuiFramework\Window\Control\GUIAutoVLayout.cpp">
      <Filter>Source Files</Filter>
    </ClCompile>
    <ClCompile Include="GuiFramework\Window\Control\GUIAutoVLayoutScroll.cpp">
      <Filter>Source Files</Filter>
    </ClCompile>
    <ClCompile Include="GuiFramework\Window\Control\GUIRootWindow.cpp">
      <Filter>Source Files</Filter>
    </ClCompile>
    <ClCompile Include="GuiFramework\Window\Tweaker\GUITweakerDialog.cpp">
      <Filter>Source Files</Filter>
    </ClCompile>
    <ClCompile Include="GuiFramework\Window\Tweaker\GUITweakerGroup.cpp">
      <Filter>Source Files</Filter>
    </ClCompile>
    <ClCompile Include="GuiFramework\Window\Tweaker\GUITweakerItem.cpp">
      <Filter>Source Files</Filter>
    </ClCompile>
    <ClCompile Include="GuiFramework\Window\Tweaker\GUITweakerGroupItem.cpp">
      <Filter>Source Files</Filter>
    </ClCompile>
    <ClCompile Include="GuiFramework\Window\Control\GUIButtonBase.cpp">
      <Filter>Source Files</Filter>
    </ClCompile>
    <ClCompile Include="GuiFramework\Window\ControlEx\GUIButton.cpp">
      <Filter>Source Files</Filter>
    </ClCompile>
    <ClCompile Include="GuiFramework\Window\Util\GUITextEditorUtil.cpp">
      <Filter>Source Files</Filter>
    </ClCompile>
    <ClCompile Include="GuiFramework\Util\GUITimer.cpp">
      <Filter>Source Files</Filter>
    </ClCompile>
    <ClCompile Include="GuiFramework\Window\PopupMenu\GUIPopupMenu.cpp">
      <Filter>Source Files</Filter>
    </ClCompile>
    <ClCompile Include="GuiFramework\Window\PopupMenu\GUIPopupMenuItem.cpp">
      <Filter>Source Files</Filter>
    </ClCompile>
    <ClCompile Include="GuiFramework\Window\PopupMenu\GUIPopupMenuNode.cpp">
      <Filter>Source Files</Filter>
    </ClCompile>
    <ClCompile Include="GuiFramework\Window\PopupMenu\GUIPopupMenuSeparator.cpp">
      <Filter>Source Files</Filter>
    </ClCompile>
    <ClCompile Include="GuiFramework\Window\PopupMenu\GUIPopupMenuString.cpp">
      <Filter>Source Files</Filter>
    </ClCompile>
    <ClCompile Include="GuiFramework\Window\Control\GUIEditBox.cpp">
      <Filter>Source Files</Filter>
    </ClCompile>
    <ClCompile Include="GuiFramework\Window\ControlEx\GUINumericEditBox.cpp">
      <Filter>Source Files</Filter>
    </ClCompile>
    <ClCompile Include="GuiFramework\Window\Control\GUIRangeDataBase.cpp">
      <Filter>Source Files</Filter>
    </ClCompile>
    <ClCompile Include="GuiFramework\Window\Control\GUIListBox.cpp">
      <Filter>Source Files</Filter>
    </ClCompile>
    <ClCompile Include="GuiFramework\Window\Control\GUIListBoxItem.cpp">
      <Filter>Source Files</Filter>
    </ClCompile>
    <ClCompile Include="GuiFramework\Window\Control\GUIDropDownList.cpp">
      <Filter>Source Files</Filter>
    </ClCompile>
    <ClCompile Include="GuiFramework\Window\Control\GUIComboBox.cpp">
      <Filter>Source Files</Filter>
    </ClCompile>
    <ClCompile Include="GuiFramework\Window\Control\GUICheckBox.cpp">
      <Filter>Source Files</Filter>
    </ClCompile>
    <ClCompile Include="GuiFramework\Window\Control\GUISlider.cpp">
      <Filter>Source Files</Filter>
    </ClCompile>
    <ClCompile Include="GuiFramework\Window\Control\GUIPropertyLabel.cpp">
      <Filter>Source Files</Filter>
    </ClCompile>
    <ClCompile Include="GuiFramework\Window\Control\GUIListViewItem.cpp">
      <Filter>Source Files</Filter>
    </ClCompile>
    <ClCompile Include="GuiFramework\Window\Control\GUIListView.cpp">
      <Filter>Source Files</Filter>
    </ClCompile>
    <ClCompile Include="GuiFramework\Window\ControlEx\GUIColorSelector.cpp">
      <Filter>Source Files</Filter>
    </ClCompile>
    <ClCompile Include="GuiFramework\Window\ControlEx\GUIYawPitchControl.cpp">
      <Filter>Source Files</Filter>
    </ClCompile>
    <ClCompile Include="GuiFramework\Window\Control\GUITextureBase.cpp">
      <Filter>Source Files</Filter>
    </ClCompile>
    <ClCompile Include="GuiFramework\Window\ControlEx\GUITextureViewer.cpp">
      <Filter>Source Files</Filter>
    </ClCompile>
    <ClCompile Include="GuiFramework\Window\ControlEx\GUITexture_DLTexture.cpp">
      <Filter>Source Files</Filter>
    </ClCompile>
    <ClCompile Include="GuiFramework\Render\GUIRenderImpl.cpp">
      <Filter>Source Files</Filter>
    </ClCompile>
    <ClCompile Include="GuiFramework\Render\GUIRenderImplBase.cpp">
      <Filter>Source Files</Filter>
    </ClCompile>
    <ClCompile Include="GuiFramework\Window\ControlEx\GUITextureList.cpp">
      <Filter>Source Files</Filter>
    </ClCompile>
    <ClCompile Include="GuiFramework\Window\ControlEx\GUIHeapList.cpp">
      <Filter>Source Files</Filter>
    </ClCompile>
    <ClCompile Include="GuiFramework\Window\ControlEx\GUIHeapListItem.cpp">
      <Filter>Source Files</Filter>
    </ClCompile>
    <ClCompile Include="GuiFramework\Util\GUIMemorySizeFormatter.cpp">
      <Filter>Source Files</Filter>
    </ClCompile>
    <ClCompile Include="GuiFramework\System\GUIVirtualInput.cpp">
      <Filter>Source Files</Filter>
    </ClCompile>
    <ClCompile Include="GuiFramework\Window\Tweaker\GUITweakerBase.cpp">
      <Filter>Source Files</Filter>
    </ClCompile>
    <ClCompile Include="GuiFramework\Window\Tweaker\GUIColorTweaker.cpp">
      <Filter>Source Files</Filter>
    </ClCompile>
    <ClCompile Include="GuiFramework\Window\Tweaker\TGUIColorTweaker.cpp">
      <Filter>Source Files</Filter>
    </ClCompile>
    <ClCompile Include="GuiFramework\Window\Tweaker\GUITweakerMaker.cpp">
      <Filter>Source Files</Filter>
    </ClCompile>
  </ItemGroup>
  <ItemGroup>
    <None Include="GuiFramework\Callback\TGUICallbackObject.inl">
      <Filter>Header Files</Filter>
    </None>
  </ItemGroup>
</Project>